
Microsoft Visual Studio Solution File, Format Version 12.00
# Visual Studio Version 16
VisualStudioVersion = 16.0.31613.86
MinimumVisualStudioVersion = 10.0.40219.1
Project("{FAE04EC0-301F-11D3-BF4B-00C04F79EFBC}") = "DevExtremeAspNetCoreApp2", "DevExtremeAspNetCoreApp2\DevExtremeAspNetCoreApp2.csproj", "{AED15C81-8266-4F14-8D04-DF345BB4A6BF}"
EndProject
Project("{2150E333-8FDC-42A3-9474-1A3956D46DE8}") = "DevExtreme NuGet.config", "DevExtreme NuGet.config", "{231C5986-7002-4C5D-8433-C446637AB897}"
	ProjectSection(SolutionItems) = preProject
		NuGet.config = NuGet.config
	EndProjectSection
EndProject
Global
	GlobalSection(SolutionConfigurationPlatforms) = preSolution
		Debug|Any CPU = Debug|Any CPU
		Release|Any CPU = Release|Any CPU
	EndGlobalSection
	GlobalSection(ProjectConfigurationPlatforms) = postSolution
		{AED15C81-8266-4F14-8D04-DF345BB4A6BF}.Debug|Any CPU.ActiveCfg = Debug|Any CPU
		{AED15C81-8266-4F14-8D04-DF345BB4A6BF}.Debug|Any CPU.Build.0 = Debug|Any CPU
		{AED15C81-8266-4F14-8D04-DF345BB4A6BF}.Release|Any CPU.ActiveCfg = Release|Any CPU
		{AED15C81-8266-4F14-8D04-DF345BB4A6BF}.Release|Any CPU.Build.0 = Release|Any CPU
	EndGlobalSection
	GlobalSection(SolutionProperties) = preSolution
		HideSolutionNode = FALSE
	EndGlobalSection
	GlobalSection(ExtensibilityGlobals) = postSolution
		SolutionGuid = {93166D5A-083D-4256-A39F-8BB154E718DA}
	EndGlobalSection
EndGlobal
